
Microsoft Visual Studio Solution File, Format Version 12.00
# Visual Studio Version 17
VisualStudioVersion = 17.1.32319.34
MinimumVisualStudioVersion = 10.0.40219.1
Project("{9A19103F-16F7-4668-BE54-9A1E7A4F7556}") = "RunoLandingPage", "RunoLandingPage\RunoLandingPage.csproj", "{CE79CDF7-F015-4D1B-8F8B-9223F7748784}"
EndProject
Global
	GlobalSection(SolutionConfigurationPlatforms) = preSolution
		Debug|Any CPU = Debug|Any CPU
		Release|Any CPU = Release|Any CPU
	EndGlobalSection
	GlobalSection(ProjectConfigurationPlatforms) = postSolution
		{CE79CDF7-F015-4D1B-8F8B-9223F7748784}.Debug|Any CPU.ActiveCfg = Debug|Any CPU
		{CE79CDF7-F015-4D1B-8F8B-9223F7748784}.Debug|Any CPU.Build.0 = Debug|Any CPU
		{CE79CDF7-F015-4D1B-8F8B-9223F7748784}.Release|Any CPU.ActiveCfg = Release|Any CPU
		{CE79CDF7-F015-4D1B-8F8B-9223F7748784}.Release|Any CPU.Build.0 = Release|Any CPU
	EndGlobalSection
	GlobalSection(SolutionProperties) = preSolution
		HideSolutionNode = FALSE
	EndGlobalSection
	GlobalSection(ExtensibilityGlobals) = postSolution
		SolutionGuid = {5A30ECD6-0B1E-414B-9E56-918302F2438E}
	EndGlobalSection
EndGlobal
